# This file was autogenerated by Stack.
# You should not edit this file by hand.
# For more information, please see the documentation at:
#   https://docs.haskellstack.org/en/stable/lock_files

packages:
- completed:
    hackage: calamity-0.2.0.0@sha256:fd14ed3c87bd31a8bb9abc609ab9f116d9f70e315d77298d2021916d89bad473,6832
    pantry-tree:
      size: 7316
      sha256: 7dc6b4337b31c85c18ceedb38909e3d2cb21e6d3caec693cdb51826d37d3829d
  original:
    hackage: calamity-0.2.0.0@sha256:fd14ed3c87bd31a8bb9abc609ab9f116d9f70e315d77298d2021916d89bad473,6832
- completed:
    hackage: data-flags-0.0.3.4@sha256:a133f2912e0e22f03419dc89a04b1e117ff6290f1777f5b7f037f683b80ed2cf,1097
    pantry-tree:
      size: 383
      sha256: fabce261d22601659cc3aeab1d5bb8f918dd3f8a8b01a8b9c483a08113a2535a
  original:
    hackage: data-flags-0.0.3.4@sha256:a133f2912e0e22f03419dc89a04b1e117ff6290f1777f5b7f037f683b80ed2cf,1097
- completed:
    hackage: di-1.3@sha256:8e630a6ac40f234fbd39627841d3cfd3800e2189b63c1ee01cf5290eb0138131,1129
    pantry-tree:
      size: 301
      sha256: 2ca42593a5e4afd8e9ce2485488e006e95a371ff7a6f9f352bbc1a7dd81de32d
  original:
    hackage: di-1.3@sha256:8e630a6ac40f234fbd39627841d3cfd3800e2189b63c1ee01cf5290eb0138131,1129
- completed:
    hackage: di-polysemy-0.2.0.0@sha256:9da81102b7e5b2782e4f7194189cde552f042c94ac875ef8f542f6620035f885,2160
    pantry-tree:
      size: 320
      sha256: 103285358a5c2430e3fadd2c35ab285536c05164db1b78ed7155e9ef2e3fae42
  original:
    hackage: di-polysemy-0.2.0.0@sha256:9da81102b7e5b2782e4f7194189cde552f042c94ac875ef8f542f6620035f885,2160
- completed:
    hackage: PyF-0.10.2.0@sha256:443b25c7d39ea5b00e9d666409ee0343a237c3946cdb68ff2fcf4b5dcbb7722e,2568
    pantry-tree:
      size: 4101
      sha256: 487791f71ab19983aa9190db0f92a0820898f7db41ecc6c0b1742429bbc44f83
  original:
    hackage: PyF-0.10.2.0@sha256:443b25c7d39ea5b00e9d666409ee0343a237c3946cdb68ff2fcf4b5dcbb7722e,2568
- completed:
    hackage: aeson-2.0.3.0@sha256:130bda8e10dc6dd159b79b306abb10025d7f8b5d9cbc2f7d6d7e6768a0272058,5845
    pantry-tree:
      size: 38191
      sha256: bccfc5a7259a27aad7e4193f367c3d7d67799f42632fdcb90241c1e9fbb0cf40
  original:
    hackage: aeson-2.0.3.0@sha256:130bda8e10dc6dd159b79b306abb10025d7f8b5d9cbc2f7d6d7e6768a0272058,5845
- completed:
    hackage: calamity-commands-0.2.0.0@sha256:7ac503a39bad698f863242aa6782226dd08acb28610da72d1870abb6871503bd,3065
    pantry-tree:
      size: 1531
      sha256: f08d435442673680e45dc67e02062d4330a1ba6b0a959781145081d1ab595c42
  original:
    hackage: calamity-commands-0.2.0.0@sha256:7ac503a39bad698f863242aa6782226dd08acb28610da72d1870abb6871503bd,3065
- completed:
    hackage: df1-0.4@sha256:b430ee7e0abda6ce9ef03b9fbe532a7384e6de1b4873357cc116db9f614ce398,1104
    pantry-tree:
      size: 531
      sha256: 1685f225d30b6291d67d96467d374b2e727d7c0877d7ea7724fd80d331130485
  original:
    hackage: df1-0.4@sha256:b430ee7e0abda6ce9ef03b9fbe532a7384e6de1b4873357cc116db9f614ce398,1104
- completed:
    hackage: di-df1-1.2.1@sha256:6be994f4d6acc4e9b498af00367d09e71fe6da42c6c2eb947ab49e19a6ba6e15,999
    pantry-tree:
      size: 424
      sha256: 5fd50fb50650ea9cda045ae0ae24f7de40b4cfccb9a91e5943dd5adf222991aa
  original:
    hackage: di-df1-1.2.1@sha256:6be994f4d6acc4e9b498af00367d09e71fe6da42c6c2eb947ab49e19a6ba6e15,999
- completed:
    hackage: di-handle-1.0.1@sha256:642ce26cc3b166e14782fb3d3acc4a15533e1021bcd6712704531f71c9483d24,720
    pantry-tree:
      size: 315
      sha256: f7612ded0cfa16bc04acf45d66cab4cbb3546ebfad816e69e91a768fa32ad7f9
  original:
    hackage: di-handle-1.0.1@sha256:642ce26cc3b166e14782fb3d3acc4a15533e1021bcd6712704531f71c9483d24,720
- completed:
    hackage: http-api-data-0.4.3@sha256:f4134a06d6544193a4d088df362e132a6cb71a0538f5636bf860971cd0879960,3845
    pantry-tree:
      size: 887
      sha256: 05c7bfafbf73d7d8eff5915b580e5ef6bf85232764fad871476a6952f746d9f9
  original:
    hackage: http-api-data-0.4.3@sha256:f4134a06d6544193a4d088df362e132a6cb71a0538f5636bf860971cd0879960,3845
- completed:
    hackage: lens-5.1@sha256:2cd46b613b9fb37e6eb64c518fd41cfdf55b15bd217d8780163b5c75974920bf,15013
    pantry-tree:
      size: 8214
      sha256: a01b10a8b32e7aeb1e4fbb922761a3f9a8f28bb9d2270277b849984409aca067
  original:
    hackage: lens-5.1@sha256:2cd46b613b9fb37e6eb64c518fd41cfdf55b15bd217d8780163b5c75974920bf,15013
- completed:
    hackage: req-3.9.2@sha256:bff3615ef8be0cf67522bcdb9737e43285f896273dd291b1c3c895d5302276ec,3551
    pantry-tree:
      size: 711
      sha256: e1fd5db6be34d16b7cb750ad5d598720ec2beead0b2c8c2675a3f758b79b5e51
  original:
    hackage: req-3.9.2@sha256:bff3615ef8be0cf67522bcdb9737e43285f896273dd291b1c3c895d5302276ec,3551
- completed:
    hackage: stm-containers-1.2@sha256:a887f2e7692b7cf20e0b081e2d66e21076e2bd4b57016ec59c484edfa2d29397,3244
    pantry-tree:
      size: 761
      sha256: 20b1076bdb121347ccc512a67df697eed34815a8e35279b6b9a0951963b1eba2
  original:
    hackage: stm-containers-1.2@sha256:a887f2e7692b7cf20e0b081e2d66e21076e2bd4b57016ec59c484edfa2d29397,3244
- completed:
    hackage: OneTuple-0.3.1@sha256:a848c096c9d29e82ffdd30a9998aa2931cbccb3a1bc137539d80f6174d31603e,2262
    pantry-tree:
      size: 506
      sha256: a685b08622f1fe0641e4f228a290878a1db4f7ef3eb63d00b10e8632097d1e6f
  original:
    hackage: OneTuple-0.3.1@sha256:a848c096c9d29e82ffdd30a9998aa2931cbccb3a1bc137539d80f6174d31603e,2262
- completed:
    hackage: attoparsec-0.14.4@sha256:79584bdada8b730cb5138fca8c35c76fbef75fc1d1e01e6b1d815a5ee9843191,5810
    pantry-tree:
      size: 5039
      sha256: 5b8e087f73d334019252606b1f64b986cef61946a085ccb77c6bc4d038691c48
  original:
    hackage: attoparsec-0.14.4@sha256:79584bdada8b730cb5138fca8c35c76fbef75fc1d1e01e6b1d815a5ee9843191,5810
- completed:
    hackage: hashable-1.4.0.2@sha256:0cddd0229d1aac305ea0404409c0bbfab81f075817bd74b8b2929eff58333e55,5005
    pantry-tree:
      size: 1248
      sha256: 51dda0aa70849588d074125f324beba1c8736cfa486e7f4a90a798b1d0e6019d
  original:
    hackage: hashable-1.4.0.2@sha256:0cddd0229d1aac305ea0404409c0bbfab81f075817bd74b8b2929eff58333e55,5005
- completed:
    hackage: http-client-0.7.10@sha256:8eac235f5beeec9b748021e5e89dde20b192c2c2d037823a205200b5bcd91838,5401
    pantry-tree:
      size: 2459
      sha256: 27590d021f8b8588518948407a73c474cde08301da2882215e6cd9f2faab8c20
  original:
    hackage: http-client-0.7.10@sha256:8eac235f5beeec9b748021e5e89dde20b192c2c2d037823a205200b5bcd91838,5401
- completed:
    hackage: semialign-1.2.0.1@sha256:0e179b4d3a8eff79001d374d6c91917c6221696b9620f0a4d86852fc6a9b9501,2836
    pantry-tree:
      size: 537
      sha256: 635bbbb517f0c063a4bc2e9e6efdb0e598b9d9fd467f52df81ab3a4af1fd923b
  original:
    hackage: semialign-1.2.0.1@sha256:0e179b4d3a8eff79001d374d6c91917c6221696b9620f0a4d86852fc6a9b9501,2836
- completed:
    hackage: stm-hamt-1.2.0.7@sha256:e8ecba11580ae2ea839cc3b7a25adcce40810aa472b544728790d28804c912ee,3972
    pantry-tree:
      size: 1009
      sha256: 2de07a746d44aebcff4b7b644373ae4aa5a505457b684ca02ae5a74605991d6b
  original:
    hackage: stm-hamt-1.2.0.7@sha256:e8ecba11580ae2ea839cc3b7a25adcce40810aa472b544728790d28804c912ee,3972
- completed:
    hackage: text-short-0.1.5@sha256:962c6228555debdc46f758d0317dea16e5240d01419b42966674b08a5c3d8fa6,3498
    pantry-tree:
      size: 727
      sha256: 1fc6561c4acb94a41e58cd8f8c7cce161c18c5629dac63a54a9c62f9c778c52b
  original:
    hackage: text-short-0.1.5@sha256:962c6228555debdc46f758d0317dea16e5240d01419b42966674b08a5c3d8fa6,3498
- completed:
    hackage: time-compat-1.9.6.1@sha256:42d8f2e08e965e1718917d54ad69e1d06bd4b87d66c41dc7410f59313dba4ed1,5033
    pantry-tree:
      size: 4113
      sha256: b262c5ae8d72d2073d12e1de1863abd234fad8c138df28f32bb51bc232ced608
  original:
    hackage: time-compat-1.9.6.1@sha256:42d8f2e08e965e1718917d54ad69e1d06bd4b87d66c41dc7410f59313dba4ed1,5033
snapshots:
- completed:
    size: 587819
    url: https://raw.githubusercontent.com/commercialhaskell/stackage-snapshots/master/lts/18/23.yaml
    sha256: 7f69bb29a57495586e7e3ed31ecc59c0d2c959cb23bd52b71ca676f254c9beb1
  original:
    url: https://raw.githubusercontent.com/commercialhaskell/stackage-snapshots/master/lts/18/23.yaml
